Microsoft Visual Studio Solution File, Format Version 12.00
# Visual Studio 15
VisualStudioVersion = 15.0.27130.2024
MinimumVisualStudioVersion = 10.0.40219.1
Project("{2150E333-8FDC-42A3-9474-1A3956D46DE8}") = "Configuration", "Configuration", "{DF3B36CF-6D1C-415A-8115-C806AAE79DB9}"
	ProjectSection(SolutionItems) = preProject
		package.json = package.json
		readme.md = readme.md
	EndProjectSection
EndProject
Project("{2150E333-8FDC-42A3-9474-1A3956D46DE8}") = "Foundation", "Foundation", "{D70DA070-FACF-45F0-B63F-22766D1E1D3E}"
EndProject
Project("{2150E333-8FDC-42A3-9474-1A3956D46DE8}") = "Feature", "Feature", "{8B6B8128-AD7B-4331-9DC0-0AFE37FC45E1}"
EndProject
Project("{2150E333-8FDC-42A3-9474-1A3956D46DE8}") = "Project", "Project", "{D7471233-EE41-4080-8C58-12D5033C644A}"
EndProject
Project("{FAE04EC0-301F-11D3-BF4B-00C04F79EFBC}") = "Hackathon.RandomPick.Foundation.Serialization", "Foundation\Serialization\code\Hackathon.RandomPick.Foundation.Serialization.csproj", "{BA492296-6396-413B-900B-AA9904768EF1}"
EndProject
Project("{2150E333-8FDC-42A3-9474-1A3956D46DE8}") = "DependencyInjection", "DependencyInjection", "{655BAECA-6D12-436C-BCAF-91A2F8EEEF25}"
EndProject
Project("{2150E333-8FDC-42A3-9474-1A3956D46DE8}") = "Serialization", "Serialization", "{3217684E-948F-4CF1-8727-0A3E497DEA19}"
EndProject
Project("{2150E333-8FDC-42A3-9474-1A3956D46DE8}") = "GlassMapper", "GlassMapper", "{859BF338-D2DE-405E-BCB5-08125EB6E465}"
EndProject
Project("{FAE04EC0-301F-11D3-BF4B-00C04F79EFBC}") = "Hackathon.RandomPick.Foundation.DependencyInjection", "Foundation\DependencyInjection\code\Hackathon.RandomPick.Foundation.DependencyInjection.csproj", "{A5A4DCEB-88ED-4B5F-A06D-DBCBC828D45F}"
EndProject
Project("{FAE04EC0-301F-11D3-BF4B-00C04F79EFBC}") = "Hackathon.RandomPick.Foundation.DependencyInjection.Tests", "Foundation\DependencyInjection\tests\Hackathon.RandomPick.Foundation.DependencyInjection.Tests.csproj", "{DA098052-8409-40B0-8B31-640B2400AAB8}"
EndProject
Project("{FAE04EC0-301F-11D3-BF4B-00C04F79EFBC}") = "Hackathon.RandomPick.Foundation.GlassMapper", "Foundation\GlassMapper\code\Hackathon.RandomPick.Foundation.GlassMapper.csproj", "{0044B0CA-ABE2-4365-B1B2-1E347993B4AA}"
EndProject
Project("{2150E333-8FDC-42A3-9474-1A3956D46DE8}") = "Shared", "Shared", "{7F113E29-7E16-4F09-B23D-DBD653AA62D9}"
EndProject
Project("{FAE04EC0-301F-11D3-BF4B-00C04F79EFBC}") = "Hackathon.RandomPick.Project.Shared", "Project\Shared\code\Hackathon.RandomPick.Project.Shared.csproj", "{63DDE5EF-8C69-4897-90B6-504CBEE698FD}"
EndProject
Project("{2150E333-8FDC-42A3-9474-1A3956D46DE8}") = "PageTour", "PageTour", "{C84415CF-C68F-4069-A4A2-D821CC158CA5}"
EndProject
Project("{FAE04EC0-301F-11D3-BF4B-00C04F79EFBC}") = "Hackathon.RandomPick.Feature.PageTour", "Feature\PageTour\code\Hackathon.RandomPick.Feature.PageTour.csproj", "{995F4378-6767-47AA-9C31-E0694CE7838F}"
EndProject
Project("{FAE04EC0-301F-11D3-BF4B-00C04F79EFBC}") = "Hackathon.RandomPick.Feature.PageTour.Tests", "Feature\PageTour\tests\Hackathon.RandomPick.Feature.PageTour.Tests.csproj", "{A4EF24DB-F11B-612D-FCF6-13D7B1AB2970}"
EndProject
Project("{2150E333-8FDC-42A3-9474-1A3956D46DE8}") = "PageTour", "PageTour", "{61CC2BCB-0AB8-437F-A619-10B821C0DCC3}"
EndProject
Project("{FAE04EC0-301F-11D3-BF4B-00C04F79EFBC}") = "Hackathon.RandomPick.Project.PageTour", "Project\PageTour\code\Hackathon.RandomPick.Project.PageTour.csproj", "{90222408-FBEF-E4A0-7697-BEE9EDB19E9F}"
EndProject
Project("{FAE04EC0-301F-11D3-BF4B-00C04F79EFBC}") = "Hackathon.RandomPick.Project.PageTour.Tests", "Project\PageTour\tests\Hackathon.RandomPick.Project.PageTour.Tests.csproj", "{882E92DD-490F-1C85-812D-C7CD0BFAE571}"
EndProject
Global
	GlobalSection(SolutionConfigurationPlatforms) = preSolution
		Debug|Any CPU = Debug|Any CPU
		Release|Any CPU = Release|Any CPU
	EndGlobalSection
	GlobalSection(ProjectConfigurationPlatforms) = postSolution
		{BA492296-6396-413B-900B-AA9904768EF1}.Debug|Any CPU.ActiveCfg = Debug|Any CPU
		{BA492296-6396-413B-900B-AA9904768EF1}.Debug|Any CPU.Build.0 = Debug|Any CPU
		{BA492296-6396-413B-900B-AA9904768EF1}.Release|Any CPU.ActiveCfg = Release|Any CPU
		{BA492296-6396-413B-900B-AA9904768EF1}.Release|Any CPU.Build.0 = Release|Any CPU
		{A5A4DCEB-88ED-4B5F-A06D-DBCBC828D45F}.Debug|Any CPU.ActiveCfg = Debug|Any CPU
		{A5A4DCEB-88ED-4B5F-A06D-DBCBC828D45F}.Debug|Any CPU.Build.0 = Debug|Any CPU
		{A5A4DCEB-88ED-4B5F-A06D-DBCBC828D45F}.Release|Any CPU.ActiveCfg = Release|Any CPU
		{A5A4DCEB-88ED-4B5F-A06D-DBCBC828D45F}.Release|Any CPU.Build.0 = Release|Any CPU
		{DA098052-8409-40B0-8B31-640B2400AAB8}.Debug|Any CPU.ActiveCfg = Debug|Any CPU
		{DA098052-8409-40B0-8B31-640B2400AAB8}.Debug|Any CPU.Build.0 = Debug|Any CPU
		{DA098052-8409-40B0-8B31-640B2400AAB8}.Release|Any CPU.ActiveCfg = Release|Any CPU
		{DA098052-8409-40B0-8B31-640B2400AAB8}.Release|Any CPU.Build.0 = Release|Any CPU
		{0044B0CA-ABE2-4365-B1B2-1E347993B4AA}.Debug|Any CPU.ActiveCfg = Debug|Any CPU
		{0044B0CA-ABE2-4365-B1B2-1E347993B4AA}.Debug|Any CPU.Build.0 = Debug|Any CPU
		{0044B0CA-ABE2-4365-B1B2-1E347993B4AA}.Release|Any CPU.ActiveCfg = Release|Any CPU
		{0044B0CA-ABE2-4365-B1B2-1E347993B4AA}.Release|Any CPU.Build.0 = Release|Any CPU
		{63DDE5EF-8C69-4897-90B6-504CBEE698FD}.Debug|Any CPU.ActiveCfg = Debug|Any CPU
		{63DDE5EF-8C69-4897-90B6-504CBEE698FD}.Debug|Any CPU.Build.0 = Debug|Any CPU
		{63DDE5EF-8C69-4897-90B6-504CBEE698FD}.Release|Any CPU.ActiveCfg = Release|Any CPU
		{63DDE5EF-8C69-4897-90B6-504CBEE698FD}.Release|Any CPU.Build.0 = Release|Any CPU
		{995F4378-6767-47AA-9C31-E0694CE7838F}.Debug|Any CPU.ActiveCfg = Debug|Any CPU
		{995F4378-6767-47AA-9C31-E0694CE7838F}.Debug|Any CPU.Build.0 = Debug|Any CPU
		{995F4378-6767-47AA-9C31-E0694CE7838F}.Release|Any CPU.ActiveCfg = Release|Any CPU
		{995F4378-6767-47AA-9C31-E0694CE7838F}.Release|Any CPU.Build.0 = Release|Any CPU
		{A4EF24DB-F11B-612D-FCF6-13D7B1AB2970}.Debug|Any CPU.ActiveCfg = Debug|Any CPU
		{A4EF24DB-F11B-612D-FCF6-13D7B1AB2970}.Debug|Any CPU.Build.0 = Debug|Any CPU
		{A4EF24DB-F11B-612D-FCF6-13D7B1AB2970}.Release|Any CPU.ActiveCfg = Release|Any CPU
		{A4EF24DB-F11B-612D-FCF6-13D7B1AB2970}.Release|Any CPU.Build.0 = Release|Any CPU
		{90222408-FBEF-E4A0-7697-BEE9EDB19E9F}.Debug|Any CPU.ActiveCfg = Debug|Any CPU
		{90222408-FBEF-E4A0-7697-BEE9EDB19E9F}.Debug|Any CPU.Build.0 = Debug|Any CPU
		{90222408-FBEF-E4A0-7697-BEE9EDB19E9F}.Release|Any CPU.ActiveCfg = Release|Any CPU
		{90222408-FBEF-E4A0-7697-BEE9EDB19E9F}.Release|Any CPU.Build.0 = Release|Any CPU
		{882E92DD-490F-1C85-812D-C7CD0BFAE571}.Debug|Any CPU.ActiveCfg = Debug|Any CPU
		{882E92DD-490F-1C85-812D-C7CD0BFAE571}.Debug|Any CPU.Build.0 = Debug|Any CPU
		{882E92DD-490F-1C85-812D-C7CD0BFAE571}.Release|Any CPU.ActiveCfg = Release|Any CPU
		{882E92DD-490F-1C85-812D-C7CD0BFAE571}.Release|Any CPU.Build.0 = Release|Any CPU
	EndGlobalSection
	GlobalSection(SolutionProperties) = preSolution
		HideSolutionNode = FALSE
	EndGlobalSection
	GlobalSection(NestedProjects) = preSolution
		{BA492296-6396-413B-900B-AA9904768EF1} = {3217684E-948F-4CF1-8727-0A3E497DEA19}
		{655BAECA-6D12-436C-BCAF-91A2F8EEEF25} = {D70DA070-FACF-45F0-B63F-22766D1E1D3E}
		{3217684E-948F-4CF1-8727-0A3E497DEA19} = {D70DA070-FACF-45F0-B63F-22766D1E1D3E}
		{859BF338-D2DE-405E-BCB5-08125EB6E465} = {D70DA070-FACF-45F0-B63F-22766D1E1D3E}
		{A5A4DCEB-88ED-4B5F-A06D-DBCBC828D45F} = {655BAECA-6D12-436C-BCAF-91A2F8EEEF25}
		{DA098052-8409-40B0-8B31-640B2400AAB8} = {655BAECA-6D12-436C-BCAF-91A2F8EEEF25}
		{0044B0CA-ABE2-4365-B1B2-1E347993B4AA} = {859BF338-D2DE-405E-BCB5-08125EB6E465}
		{7F113E29-7E16-4F09-B23D-DBD653AA62D9} = {D7471233-EE41-4080-8C58-12D5033C644A}
		{63DDE5EF-8C69-4897-90B6-504CBEE698FD} = {7F113E29-7E16-4F09-B23D-DBD653AA62D9}
		{C84415CF-C68F-4069-A4A2-D821CC158CA5} = {8B6B8128-AD7B-4331-9DC0-0AFE37FC45E1}
		{995F4378-6767-47AA-9C31-E0694CE7838F} = {C84415CF-C68F-4069-A4A2-D821CC158CA5}
		{A4EF24DB-F11B-612D-FCF6-13D7B1AB2970} = {C84415CF-C68F-4069-A4A2-D821CC158CA5}
		{61CC2BCB-0AB8-437F-A619-10B821C0DCC3} = {D7471233-EE41-4080-8C58-12D5033C644A}
		{90222408-FBEF-E4A0-7697-BEE9EDB19E9F} = {61CC2BCB-0AB8-437F-A619-10B821C0DCC3}
		{882E92DD-490F-1C85-812D-C7CD0BFAE571} = {61CC2BCB-0AB8-437F-A619-10B821C0DCC3}
	EndGlobalSection
	GlobalSection(ExtensibilityGlobals) = postSolution
		EnterpriseLibraryConfigurationToolBinariesPathV6 = packages\EnterpriseLibrary.Common.6.0.1304.0\lib\NET45;packages\EnterpriseLibrary.TransientFaultHandling.6.0.1304.0\lib\portable-net45+win+wp8;packages\EnterpriseLibrary.TransientFaultHandling.Caching.6.0.1304.0\lib\NET45;packages\EnterpriseLibrary.TransientFaultHandling.Data.6.0.1304.1\lib\NET45;packages\EnterpriseLibrary.TransientFaultHandling.ServiceBus.6.0.1304.0\lib\NET45;packages\EnterpriseLibrary.TransientFaultHandling.WindowsAzure.Storage.6.0.1304.0\lib\NET45;packages\EnterpriseLibrary.TransientFaultHandling.Configuration.6.0.1304.0\lib\NET45
		SolutionGuid = {95FD0DB7-903B-4B29-9409-FDAEB8BE8F71}
	EndGlobalSection
EndGlobal
